// !$*UTF8*$!
{
	archiveVersion = 1;
	classes = {
	};
	objectVersion = 77;
	objects = {

/* Begin PBXBuildFile section */
		A10000000000000000000001 /* VoidloomApp.swift in Sources */ = {isa = PBXBuildFile; fileRef = A10000000000000000000011 /* VoidloomApp.swift */; };
		A80000000000000000000008 /* AppCommands.swift in Sources */ = {isa = PBXBuildFile; fileRef = A80000000000000000000018 /* AppCommands.swift */; };
		A80000000000000000000032 /* SwiftTerm in Frameworks */ = {isa = PBXBuildFile; productRef = A80000000000000000000031 /* SwiftTerm */; };
		A10000000000000000000002 /* RootView.swift in Sources */ = {isa = PBXBuildFile; fileRef = A10000000000000000000012 /* RootView.swift */; };
		A100000000000000000000F0 /* CanvasKeyMonitor.swift in Sources */ = {isa = PBXBuildFile; fileRef = A100000000000000000000F1 /* CanvasKeyMonitor.swift */; };
		A8000000000000000000000C /* ContentClickMonitor.swift in Sources */ = {isa = PBXBuildFile; fileRef = A8000000000000000000001C /* ContentClickMonitor.swift */; };
		A10000000000000000000004 /* WorkspaceCardView.swift in Sources */ = {isa = PBXBuildFile; fileRef = A10000000000000000000014 /* WorkspaceCardView.swift */; };
		A10000000000000000000005 /* PreviewSupport.swift in Sources */ = {isa = PBXBuildFile; fileRef = A10000000000000000000015 /* PreviewSupport.swift */; };
		A10000000000000000000006 /* Assets.xcassets in Resources */ = {isa = PBXBuildFile; fileRef = A10000000000000000000016 /* Assets.xcassets */; };
		A10000000000000000000007 /* VoidloomCore in Frameworks */ = {isa = PBXBuildFile; productRef = A10000000000000000000041 /* VoidloomCore */; };
		A200000000000000000000F2 /* VoidloomAI in Frameworks */ = {isa = PBXBuildFile; productRef = A200000000000000000000F1 /* VoidloomAI */; };
		A200000000000000000000D1 /* llama.xcframework in Frameworks */ = {isa = PBXBuildFile; fileRef = A200000000000000000000C1 /* llama.xcframework */; };
		A200000000000000000000D2 /* llama.xcframework in Embed Frameworks */ = {isa = PBXBuildFile; fileRef = A200000000000000000000C1 /* llama.xcframework */; settings = {ATTRIBUTES = (CodeSignOnCopy, RemoveHeadersOnCopy, ); }; };
		A200000000000000000000D3 /* CllamaEngine.swift in Sources */ = {isa = PBXBuildFile; fileRef = A200000000000000000000C2 /* CllamaEngine.swift */; };
		A200000000000000000000D4 /* AudioCaptureService.swift in Sources */ = {isa = PBXBuildFile; fileRef = A200000000000000000000C3 /* AudioCaptureService.swift */; };
		A200000000000000000000D5 /* ParakeetTranscriber.swift in Sources */ = {isa = PBXBuildFile; fileRef = A200000000000000000000C4 /* ParakeetTranscriber.swift */; };
		A200000000000000000000DA /* AssistantSpeaker.swift in Sources */ = {isa = PBXBuildFile; fileRef = A200000000000000000000CA /* AssistantSpeaker.swift */; };
		A200000000000000000000D6 /* VoicePushToTalkKeyMonitor.swift in Sources */ = {isa = PBXBuildFile; fileRef = A200000000000000000000C5 /* VoicePushToTalkKeyMonitor.swift */; };
		A200000000000000000000D7 /* VoiceSettingsSection.swift in Sources */ = {isa = PBXBuildFile; fileRef = A200000000000000000000C6 /* VoiceSettingsSection.swift */; };
		A200000000000000000000F5 /* FluidAudio in Frameworks */ = {isa = PBXBuildFile; productRef = A200000000000000000000F4 /* FluidAudio */; };
		A20000000000000000000001 /* AtmosphereBackground.swift in Sources */ = {isa = PBXBuildFile; fileRef = A20000000000000000000011 /* AtmosphereBackground.swift */; };
		A20000000000000000000004 /* CommandBar.swift in Sources */ = {isa = PBXBuildFile; fileRef = A20000000000000000000014 /* CommandBar.swift */; };
		A200000000000000000000A7 /* MediatorHUDView.swift in Sources */ = {isa = PBXBuildFile; fileRef = A200000000000000000000B7 /* MediatorHUDView.swift */; };
		A200000000000000000000A8 /* LocalAISettingsSection.swift in Sources */ = {isa = PBXBuildFile; fileRef = A200000000000000000000B8 /* LocalAISettingsSection.swift */; };
		A20000000000000000000006 /* CanvasGrid.swift in Sources */ = {isa = PBXBuildFile; fileRef = A20000000000000000000016 /* CanvasGrid.swift */; };
		A20000000000000000000007 /* CardPalette.swift in Sources */ = {isa = PBXBuildFile; fileRef = A20000000000000000000017 /* CardPalette.swift */; };
		A20000000000000000000009 /* CanvasZoomControls.swift in Sources */ = {isa = PBXBuildFile; fileRef = A20000000000000000000019 /* CanvasZoomControls.swift */; };
		A30000000000000000000001 /* AgentSessionManager.swift in Sources */ = {isa = PBXBuildFile; fileRef = A30000000000000000000011 /* AgentSessionManager.swift */; };
		A80000000000000000000009 /* TerminalHostView.swift in Sources */ = {isa = PBXBuildFile; fileRef = A80000000000000000000019 /* TerminalHostView.swift */; };
		A30000000000000000000002 /* CardResizeHandles.swift in Sources */ = {isa = PBXBuildFile; fileRef = A30000000000000000000012 /* CardResizeHandles.swift */; };
		A30000000000000000000003 /* NoteCardContentView.swift in Sources */ = {isa = PBXBuildFile; fileRef = A30000000000000000000013 /* NoteCardContentView.swift */; };
		A30000000000000000000004 /* TodoCardContentView.swift in Sources */ = {isa = PBXBuildFile; fileRef = A30000000000000000000014 /* TodoCardContentView.swift */; };
		A30000000000000000000005 /* BrowserWebView.swift in Sources */ = {isa = PBXBuildFile; fileRef = A30000000000000000000015 /* BrowserWebView.swift */; };
		A30000000000000000000006 /* BrowserCardContentView.swift in Sources */ = {isa = PBXBuildFile; fileRef = A30000000000000000000016 /* BrowserCardContentView.swift */; };
		A300000000000000000000A1 /* FileBrowserCardContentView.swift in Sources */ = {isa = PBXBuildFile; fileRef = A300000000000000000000B1 /* FileBrowserCardContentView.swift */; };
		A300000000000000000000A2 /* GitCardContentView.swift in Sources */ = {isa = PBXBuildFile; fileRef = A300000000000000000000B2 /* GitCardContentView.swift */; };
		A30000000000000000000007 /* AgentTerminalView.swift in Sources */ = {isa = PBXBuildFile; fileRef = A30000000000000000000017 /* AgentTerminalView.swift */; };
		A30000000000000000000008 /* SettingsView.swift in Sources */ = {isa = PBXBuildFile; fileRef = A30000000000000000000018 /* SettingsView.swift */; };
		A300000000000000000000C1 /* WorkspaceFolderPrompt.swift in Sources */ = {isa = PBXBuildFile; fileRef = A300000000000000000000D1 /* WorkspaceFolderPrompt.swift */; };
		A300000000000000000000C2 /* NewWorkspaceSheet.swift in Sources */ = {isa = PBXBuildFile; fileRef = A300000000000000000000D2 /* NewWorkspaceSheet.swift */; };
		A300000000000000000000C4 /* DockStyle.swift in Sources */ = {isa = PBXBuildFile; fileRef = A300000000000000000000D4 /* DockStyle.swift */; };
		A300000000000000000000C3 /* StartupView.swift in Sources */ = {isa = PBXBuildFile; fileRef = A300000000000000000000D3 /* StartupView.swift */; };
		A300000000000000000000E1 /* WorkspaceEmptyState.swift in Sources */ = {isa = PBXBuildFile; fileRef = A300000000000000000000E2 /* WorkspaceEmptyState.swift */; };
		A40000000000000000000001 /* ConversationStore.swift in Sources */ = {isa = PBXBuildFile; fileRef = A40000000000000000000011 /* ConversationStore.swift */; };
		A40000000000000000000004 /* AssistantContextProvider.swift in Sources */ = {isa = PBXBuildFile; fileRef = A40000000000000000000014 /* AssistantContextProvider.swift */; };
		A40000000000000000000005 /* AgentCommandRunner.swift in Sources */ = {isa = PBXBuildFile; fileRef = A40000000000000000000015 /* AgentCommandRunner.swift */; };
		A40000000000000000000006 /* DelegationService.swift in Sources */ = {isa = PBXBuildFile; fileRef = A40000000000000000000016 /* DelegationService.swift */; };
		A40000000000000000000002 /* AIConversationSidebar.swift in Sources */ = {isa = PBXBuildFile; fileRef = A40000000000000000000012 /* AIConversationSidebar.swift */; };
		A40000000000000000000003 /* StubResponseProvider.swift in Sources */ = {isa = PBXBuildFile; fileRef = A40000000000000000000013 /* StubResponseProvider.swift */; };
		A50000000000000000000001 /* CommandPaletteModel.swift in Sources */ = {isa = PBXBuildFile; fileRef = A50000000000000000000011 /* CommandPaletteModel.swift */; };
		A50000000000000000000002 /* CommandPaletteView.swift in Sources */ = {isa = PBXBuildFile; fileRef = A50000000000000000000012 /* CommandPaletteView.swift */; };
		A50000000000000000000003 /* CanvasContextMenu.swift in Sources */ = {isa = PBXBuildFile; fileRef = A50000000000000000000013 /* CanvasContextMenu.swift */; };
		A50000000000000000000004 /* PointerCursor.swift in Sources */ = {isa = PBXBuildFile; fileRef = A50000000000000000000014 /* PointerCursor.swift */; };
		A60000000000000000000001 /* CanvasInteractionModel.swift in Sources */ = {isa = PBXBuildFile; fileRef = A60000000000000000000011 /* CanvasInteractionModel.swift */; };
		A60000000000000000000002 /* CanvasInteractionOverlay.swift in Sources */ = {isa = PBXBuildFile; fileRef = A60000000000000000000012 /* CanvasInteractionOverlay.swift */; };
		A70000000000000000000091 /* CanvasToolCursor.swift in Sources */ = {isa = PBXBuildFile; fileRef = A70000000000000000000092 /* CanvasToolCursor.swift */; };
		A70000000000000000000093 /* EraserFootprintRing.swift in Sources */ = {isa = PBXBuildFile; fileRef = A70000000000000000000094 /* EraserFootprintRing.swift */; };
		A70000000000000000000095 /* EraserSizePreview.swift in Sources */ = {isa = PBXBuildFile; fileRef = A70000000000000000000096 /* EraserSizePreview.swift */; };
		A80000000000000000000001 /* MinimapPanel.swift in Sources */ = {isa = PBXBuildFile; fileRef = A80000000000000000000011 /* MinimapPanel.swift */; };
		A60000000000000000000003 /* CanvasInteractionLayer.swift in Sources */ = {isa = PBXBuildFile; fileRef = A60000000000000000000013 /* CanvasInteractionLayer.swift */; };
		A60000000000000000000004 /* BrushOptionsPanel.swift in Sources */ = {isa = PBXBuildFile; fileRef = A60000000000000000000014 /* BrushOptionsPanel.swift */; };
		A60000000000000000000005 /* EraserOptionsPanel.swift in Sources */ = {isa = PBXBuildFile; fileRef = A60000000000000000000015 /* EraserOptionsPanel.swift */; };
		A60000000000000000000006 /* ConnectionsLayer.swift in Sources */ = {isa = PBXBuildFile; fileRef = A60000000000000000000016 /* ConnectionsLayer.swift */; };
		A60000000000000000000007 /* TextElementView.swift in Sources */ = {isa = PBXBuildFile; fileRef = A60000000000000000000017 /* TextElementView.swift */; };
		A60000000000000000000008 /* CanvasDrawingLayer.swift in Sources */ = {isa = PBXBuildFile; fileRef = A60000000000000000000018 /* CanvasDrawingLayer.swift */; };
		A70000000000000000000001 /* ConnectionHitLayer.swift in Sources */ = {isa = PBXBuildFile; fileRef = A70000000000000000000011 /* ConnectionHitLayer.swift */; };
		A70000000000000000000002 /* TextElementEditor.swift in Sources */ = {isa = PBXBuildFile; fileRef = A70000000000000000000012 /* TextElementEditor.swift */; };
		A70000000000000000000003 /* TextOptionsPanel.swift in Sources */ = {isa = PBXBuildFile; fileRef = A70000000000000000000013 /* TextOptionsPanel.swift */; };
		A90000000000000000000001 /* BrowserLoadModel.swift in Sources */ = {isa = PBXBuildFile; fileRef = A90000000000000000000011 /* BrowserLoadModel.swift */; };
		AB0000000000000000000002 /* Color+Hex.swift in Sources */ = {isa = PBXBuildFile; fileRef = AB0000000000000000000001 /* Color+Hex.swift */; };
		AB0000000000000000000004 /* Theme.swift in Sources */ = {isa = PBXBuildFile; fileRef = AB0000000000000000000003 /* Theme.swift */; };
		A80000000000000000000003 /* SpacesShellView.swift in Sources */ = {isa = PBXBuildFile; fileRef = A80000000000000000000013 /* SpacesShellView.swift */; };
		A80000000000000000000004 /* SpaceBackgroundView.swift in Sources */ = {isa = PBXBuildFile; fileRef = A80000000000000000000014 /* SpaceBackgroundView.swift */; };
		A80000000000000000000005 /* SpaceTileCard.swift in Sources */ = {isa = PBXBuildFile; fileRef = A80000000000000000000015 /* SpaceTileCard.swift */; };
		B20000000000000000000001 /* MediatorBrainFactory.swift in Sources */ = {isa = PBXBuildFile; fileRef = B20000000000000000000002 /* MediatorBrainFactory.swift */; };
		B20000000000000000000003 /* LlamaBrainIntegrationTests.swift in Sources */ = {isa = PBXBuildFile; fileRef = B20000000000000000000004 /* LlamaBrainIntegrationTests.swift */; };
		C30000000000000000000001 /* FoundationModelsBrain.swift in Sources */ = {isa = PBXBuildFile; fileRef = C30000000000000000000011 /* FoundationModelsBrain.swift */; };
		C30000000000000000000002 /* MediatorToolMirrors.swift in Sources */ = {isa = PBXBuildFile; fileRef = C30000000000000000000012 /* MediatorToolMirrors.swift */; };
		C30000000000000000000003 /* FoundationModels.framework in Frameworks */ = {isa = PBXBuildFile; fileRef = C30000000000000000000010 /* FoundationModels.framework */; settings = {ATTRIBUTES = (Weak, ); }; };
		C30000000000000000000004 /* FoundationModelsParityTests.swift in Sources */ = {isa = PBXBuildFile; fileRef = C30000000000000000000013 /* FoundationModelsParityTests.swift */; };
		C30000000000000000000021 /* DelegationServiceTests.swift in Sources */ = {isa = PBXBuildFile; fileRef = C30000000000000000000031 /* DelegationServiceTests.swift */; };
		C30000000000000000000022 /* ConversationStoreTests.swift in Sources */ = {isa = PBXBuildFile; fileRef = C30000000000000000000032 /* ConversationStoreTests.swift */; };
		C30000000000000000000005 /* FoundationModels.framework in Frameworks */ = {isa = PBXBuildFile; fileRef = C30000000000000000000010 /* FoundationModels.framework */; settings = {ATTRIBUTES = (Weak, ); }; };
		C30000000000000000000006 /* AppleTierAvailability.swift in Sources */ = {isa = PBXBuildFile; fileRef = C30000000000000000000014 /* AppleTierAvailability.swift */; };
		C30000000000000000000007 /* FoundationModelsResponseProvider.swift in Sources */ = {isa = PBXBuildFile; fileRef = C30000000000000000000015 /* FoundationModelsResponseProvider.swift */; };
		C30000000000000000000008 /* SpeechAnalyzerTranscriber.swift in Sources */ = {isa = PBXBuildFile; fileRef = C30000000000000000000016 /* SpeechAnalyzerTranscriber.swift */; };
		C30000000000000000000009 /* VoiceTranscriberRouter.swift in Sources */ = {isa = PBXBuildFile; fileRef = C30000000000000000000017 /* VoiceTranscriberRouter.swift */; };
		C3000000000000000000000A /* Speech.framework in Frameworks */ = {isa = PBXBuildFile; fileRef = C30000000000000000000018 /* Speech.framework */; settings = {ATTRIBUTES = (Weak, ); }; };
		C3000000000000000000000B /* AppleTierBenchmarkTests.swift in Sources */ = {isa = PBXBuildFile; fileRef = C30000000000000000000019 /* AppleTierBenchmarkTests.swift */; };
		B20000000000000000000005 /* CllamaEngine.swift in Sources */ = {isa = PBXBuildFile; fileRef = A200000000000000000000C2 /* CllamaEngine.swift */; };
		B20000000000000000000006 /* llama.xcframework in Frameworks */ = {isa = PBXBuildFile; fileRef = A200000000000000000000C1 /* llama.xcframework */; };
		B20000000000000000000007 /* VoidloomCore in Frameworks */ = {isa = PBXBuildFile; productRef = A10000000000000000000041 /* VoidloomCore */; };
		B20000000000000000000008 /* VoidloomAI in Frameworks */ = {isa = PBXBuildFile; productRef = A200000000000000000000F1 /* VoidloomAI */; };
		A80000000000000000000006 /* SpaceBottomDock.swift in Sources */ = {isa = PBXBuildFile; fileRef = A80000000000000000000016 /* SpaceBottomDock.swift */; };
		A80000000000000000000007 /* SpaceFreeArrangeLayer.swift in Sources */ = {isa = PBXBuildFile; fileRef = A80000000000000000000017 /* SpaceFreeArrangeLayer.swift */; };
		A400000000000000000000F1 /* SpaceTrackpadPanView.swift in Sources */ = {isa = PBXBuildFile; fileRef = A400000000000000000000F2 /* SpaceTrackpadPanView.swift */; };
/* End PBXBuildFile section */

/* Begin PBXFileReference section */
		A10000000000000000000010 /* Voidloom.app */ = {isa = PBXFileReference; explicitFileType = wrapper.application; includeInIndex = 0; path = Voidloom.app; sourceTree = BUILT_PRODUCTS_DIR; };
		A200000000000000000000C1 /* llama.xcframework */ = {isa = PBXFileReference; lastKnownFileType = wrapper.xcframework; name = llama.xcframework; path = Frameworks/llama.xcframework; sourceTree = SOURCE_ROOT; };
		A200000000000000000000C2 /* CllamaEngine.swift */ = {isa = PBXFileReference; lastKnownFileType = sourcecode.swift; path = AI/Local/CllamaEngine.swift; sourceTree = "<group>"; };
		A200000000000000000000C3 /* AudioCaptureService.swift */ = {isa = PBXFileReference; lastKnownFileType = sourcecode.swift; path = AI/Voice/AudioCaptureService.swift; sourceTree = "<group>"; };
		A200000000000000000000C4 /* ParakeetTranscriber.swift */ = {isa = PBXFileReference; lastKnownFileType = sourcecode.swift; path = AI/Voice/ParakeetTranscriber.swift; sourceTree = "<group>"; };
		A200000000000000000000CA /* AssistantSpeaker.swift */ = {isa = PBXFileReference; lastKnownFileType = sourcecode.swift; path = AI/Voice/AssistantSpeaker.swift; sourceTree = "<group>"; };
		A200000000000000000000C5 /* VoicePushToTalkKeyMonitor.swift */ = {isa = PBXFileReference; lastKnownFileType = sourcecode.swift; path = Shell/VoicePushToTalkKeyMonitor.swift; sourceTree = "<group>"; };
		A200000000000000000000C6 /* VoiceSettingsSection.swift */ = {isa = PBXFileReference; lastKnownFileType = sourcecode.swift; path = Shell/VoiceSettingsSection.swift; sourceTree = "<group>"; };
		A10000000000000000000011 /* VoidloomApp.swift */ = {isa = PBXFileReference; lastKnownFileType = sourcecode.swift; path = App/VoidloomApp.swift; sourceTree = "<group>"; };
		A80000000000000000000018 /* AppCommands.swift */ = {isa = PBXFileReference; lastKnownFileType = sourcecode.swift; path = App/AppCommands.swift; sourceTree = "<group>"; };
		A10000000000000000000012 /* RootView.swift */ = {isa = PBXFileReference; lastKnownFileType = sourcecode.swift; path = Shell/RootView.swift; sourceTree = "<group>"; };
		A100000000000000000000F1 /* CanvasKeyMonitor.swift */ = {isa = PBXFileReference; lastKnownFileType = sourcecode.swift; path = Shell/CanvasKeyMonitor.swift; sourceTree = "<group>"; };
		A8000000000000000000001C /* ContentClickMonitor.swift */ = {isa = PBXFileReference; lastKnownFileType = sourcecode.swift; path = Shell/ContentClickMonitor.swift; sourceTree = "<group>"; };
		A10000000000000000000014 /* WorkspaceCardView.swift */ = {isa = PBXFileReference; lastKnownFileType = sourcecode.swift; path = Cards/WorkspaceCardView.swift; sourceTree = "<group>"; };
		A10000000000000000000015 /* PreviewSupport.swift */ = {isa = PBXFileReference; lastKnownFileType = sourcecode.swift; path = PreviewSupport/PreviewSupport.swift; sourceTree = "<group>"; };
		A10000000000000000000016 /* Assets.xcassets */ = {isa = PBXFileReference; lastKnownFileType = folder.assetcatalog; path = Assets.xcassets; sourceTree = "<group>"; };
		A10000000000000000000017 /* Voidloom.entitlements */ = {isa = PBXFileReference; lastKnownFileType = text.plist.entitlements; path = Voidloom.entitlements; sourceTree = "<group>"; };
		A10000000000000000000018 /* Package.swift */ = {isa = PBXFileReference; lastKnownFileType = sourcecode.swift; path = Package.swift; sourceTree = SOURCE_ROOT; };
		A20000000000000000000011 /* AtmosphereBackground.swift */ = {isa = PBXFileReference; lastKnownFileType = sourcecode.swift; path = Shell/AtmosphereBackground.swift; sourceTree = "<group>"; };
		A20000000000000000000014 /* CommandBar.swift */ = {isa = PBXFileReference; lastKnownFileType = sourcecode.swift; path = Shell/CommandBar.swift; sourceTree = "<group>"; };
		A200000000000000000000B7 /* MediatorHUDView.swift */ = {isa = PBXFileReference; lastKnownFileType = sourcecode.swift; path = Shell/MediatorHUDView.swift; sourceTree = "<group>"; };
		A200000000000000000000B8 /* LocalAISettingsSection.swift */ = {isa = PBXFileReference; lastKnownFileType = sourcecode.swift; path = Shell/LocalAISettingsSection.swift; sourceTree = "<group>"; };
		A20000000000000000000016 /* CanvasGrid.swift */ = {isa = PBXFileReference; lastKnownFileType = sourcecode.swift; path = Canvas/CanvasGrid.swift; sourceTree = "<group>"; };
		A20000000000000000000017 /* CardPalette.swift */ = {isa = PBXFileReference; lastKnownFileType = sourcecode.swift; path = Cards/CardPalette.swift; sourceTree = "<group>"; };
		A20000000000000000000019 /* CanvasZoomControls.swift */ = {isa = PBXFileReference; lastKnownFileType = sourcecode.swift; path = Shell/CanvasZoomControls.swift; sourceTree = "<group>"; };
		A30000000000000000000011 /* AgentSessionManager.swift */ = {isa = PBXFileReference; lastKnownFileType = sourcecode.swift; path = Agent/AgentSessionManager.swift; sourceTree = "<group>"; };
		A80000000000000000000019 /* TerminalHostView.swift */ = {isa = PBXFileReference; lastKnownFileType = sourcecode.swift; path = Agent/TerminalHostView.swift; sourceTree = "<group>"; };
		A30000000000000000000012 /* CardResizeHandles.swift */ = {isa = PBXFileReference; lastKnownFileType = sourcecode.swift; path = Cards/CardResizeHandles.swift; sourceTree = "<group>"; };
		A30000000000000000000013 /* NoteCardContentView.swift */ = {isa = PBXFileReference; lastKnownFileType = sourcecode.swift; path = Cards/NoteCardContentView.swift; sourceTree = "<group>"; };
		A30000000000000000000014 /* TodoCardContentView.swift */ = {isa = PBXFileReference; lastKnownFileType = sourcecode.swift; path = Cards/TodoCardContentView.swift; sourceTree = "<group>"; };
		A30000000000000000000015 /* BrowserWebView.swift */ = {isa = PBXFileReference; lastKnownFileType = sourcecode.swift; path = Cards/BrowserWebView.swift; sourceTree = "<group>"; };
		A30000000000000000000016 /* BrowserCardContentView.swift */ = {isa = PBXFileReference; lastKnownFileType = sourcecode.swift; path = Cards/BrowserCardContentView.swift; sourceTree = "<group>"; };
		A300000000000000000000B1 /* FileBrowserCardContentView.swift */ = {isa = PBXFileReference; lastKnownFileType = sourcecode.swift; path = Cards/FileBrowserCardContentView.swift; sourceTree = "<group>"; };
		A300000000000000000000B2 /* GitCardContentView.swift */ = {isa = PBXFileReference; lastKnownFileType = sourcecode.swift; path = Cards/GitCardContentView.swift; sourceTree = "<group>"; };
		A30000000000000000000017 /* AgentTerminalView.swift */ = {isa = PBXFileReference; lastKnownFileType = sourcecode.swift; path = Cards/AgentTerminalView.swift; sourceTree = "<group>"; };
		A30000000000000000000018 /* SettingsView.swift */ = {isa = PBXFileReference; lastKnownFileType = sourcecode.swift; path = Shell/SettingsView.swift; sourceTree = "<group>"; };
		A300000000000000000000D1 /* WorkspaceFolderPrompt.swift */ = {isa = PBXFileReference; lastKnownFileType = sourcecode.swift; path = Shell/WorkspaceFolderPrompt.swift; sourceTree = "<group>"; };
		A300000000000000000000D2 /* NewWorkspaceSheet.swift */ = {isa = PBXFileReference; lastKnownFileType = sourcecode.swift; path = Shell/NewWorkspaceSheet.swift; sourceTree = "<group>"; };
		A300000000000000000000D4 /* DockStyle.swift */ = {isa = PBXFileReference; lastKnownFileType = sourcecode.swift; path = Shell/DockStyle.swift; sourceTree = "<group>"; };
		A300000000000000000000D3 /* StartupView.swift */ = {isa = PBXFileReference; lastKnownFileType = sourcecode.swift; path = Shell/StartupView.swift; sourceTree = "<group>"; };
		A300000000000000000000E2 /* WorkspaceEmptyState.swift */ = {isa = PBXFileReference; lastKnownFileType = sourcecode.swift; path = Shell/WorkspaceEmptyState.swift; sourceTree = "<group>"; };
		A40000000000000000000011 /* ConversationStore.swift */ = {isa = PBXFileReference; lastKnownFileType = sourcecode.swift; path = AI/ConversationStore.swift; sourceTree = "<group>"; };
		A40000000000000000000014 /* AssistantContextProvider.swift */ = {isa = PBXFileReference; lastKnownFileType = sourcecode.swift; path = AI/AssistantContextProvider.swift; sourceTree = "<group>"; };
		A40000000000000000000015 /* AgentCommandRunner.swift */ = {isa = PBXFileReference; lastKnownFileType = sourcecode.swift; path = AI/AgentCommandRunner.swift; sourceTree = "<group>"; };
		A40000000000000000000016 /* DelegationService.swift */ = {isa = PBXFileReference; lastKnownFileType = sourcecode.swift; path = AI/DelegationService.swift; sourceTree = "<group>"; };
		A40000000000000000000012 /* AIConversationSidebar.swift */ = {isa = PBXFileReference; lastKnownFileType = sourcecode.swift; path = Shell/AIConversationSidebar.swift; sourceTree = "<group>"; };
		A40000000000000000000013 /* StubResponseProvider.swift */ = {isa = PBXFileReference; lastKnownFileType = sourcecode.swift; path = AI/StubResponseProvider.swift; sourceTree = "<group>"; };
		A50000000000000000000011 /* CommandPaletteModel.swift */ = {isa = PBXFileReference; lastKnownFileType = sourcecode.swift; path = CommandPalette/CommandPaletteModel.swift; sourceTree = "<group>"; };
		A50000000000000000000012 /* CommandPaletteView.swift */ = {isa = PBXFileReference; lastKnownFileType = sourcecode.swift; path = CommandPalette/CommandPaletteView.swift; sourceTree = "<group>"; };
		A50000000000000000000013 /* CanvasContextMenu.swift */ = {isa = PBXFileReference; lastKnownFileType = sourcecode.swift; path = Canvas/CanvasContextMenu.swift; sourceTree = "<group>"; };
		A50000000000000000000014 /* PointerCursor.swift */ = {isa = PBXFileReference; lastKnownFileType = sourcecode.swift; path = Shell/PointerCursor.swift; sourceTree = "<group>"; };
		A60000000000000000000011 /* CanvasInteractionModel.swift */ = {isa = PBXFileReference; lastKnownFileType = sourcecode.swift; path = Canvas/CanvasInteractionModel.swift; sourceTree = "<group>"; };
		A60000000000000000000012 /* CanvasInteractionOverlay.swift */ = {isa = PBXFileReference; lastKnownFileType = sourcecode.swift; path = Canvas/CanvasInteractionOverlay.swift; sourceTree = "<group>"; };
		A70000000000000000000092 /* CanvasToolCursor.swift */ = {isa = PBXFileReference; lastKnownFileType = sourcecode.swift; path = Canvas/CanvasToolCursor.swift; sourceTree = "<group>"; };
		A70000000000000000000094 /* EraserFootprintRing.swift */ = {isa = PBXFileReference; lastKnownFileType = sourcecode.swift; path = Canvas/EraserFootprintRing.swift; sourceTree = "<group>"; };
		A70000000000000000000096 /* EraserSizePreview.swift */ = {isa = PBXFileReference; lastKnownFileType = sourcecode.swift; path = Canvas/EraserSizePreview.swift; sourceTree = "<group>"; };
		A80000000000000000000011 /* MinimapPanel.swift */ = {isa = PBXFileReference; lastKnownFileType = sourcecode.swift; path = Canvas/MinimapPanel.swift; sourceTree = "<group>"; };
		A60000000000000000000013 /* CanvasInteractionLayer.swift */ = {isa = PBXFileReference; lastKnownFileType = sourcecode.swift; path = Canvas/CanvasInteractionLayer.swift; sourceTree = "<group>"; };
		A60000000000000000000014 /* BrushOptionsPanel.swift */ = {isa = PBXFileReference; lastKnownFileType = sourcecode.swift; path = Shell/BrushOptionsPanel.swift; sourceTree = "<group>"; };
		A60000000000000000000015 /* EraserOptionsPanel.swift */ = {isa = PBXFileReference; lastKnownFileType = sourcecode.swift; path = Shell/EraserOptionsPanel.swift; sourceTree = "<group>"; };
		A60000000000000000000016 /* ConnectionsLayer.swift */ = {isa = PBXFileReference; lastKnownFileType = sourcecode.swift; path = Canvas/ConnectionsLayer.swift; sourceTree = "<group>"; };
		A60000000000000000000017 /* TextElementView.swift */ = {isa = PBXFileReference; lastKnownFileType = sourcecode.swift; path = Canvas/TextElementView.swift; sourceTree = "<group>"; };
		A60000000000000000000018 /* CanvasDrawingLayer.swift */ = {isa = PBXFileReference; lastKnownFileType = sourcecode.swift; path = Canvas/CanvasDrawingLayer.swift; sourceTree = "<group>"; };
		A70000000000000000000011 /* ConnectionHitLayer.swift */ = {isa = PBXFileReference; lastKnownFileType = sourcecode.swift; path = Canvas/ConnectionHitLayer.swift; sourceTree = "<group>"; };
		A70000000000000000000012 /* TextElementEditor.swift */ = {isa = PBXFileReference; lastKnownFileType = sourcecode.swift; path = Canvas/TextElementEditor.swift; sourceTree = "<group>"; };
		A70000000000000000000013 /* TextOptionsPanel.swift */ = {isa = PBXFileReference; lastKnownFileType = sourcecode.swift; path = Canvas/TextOptionsPanel.swift; sourceTree = "<group>"; };
		A90000000000000000000011 /* BrowserLoadModel.swift */ = {isa = PBXFileReference; lastKnownFileType = sourcecode.swift; path = Cards/BrowserLoadModel.swift; sourceTree = "<group>"; };
		AB0000000000000000000001 /* Color+Hex.swift */ = {isa = PBXFileReference; lastKnownFileType = sourcecode.swift; path = "Color+Hex.swift"; sourceTree = "<group>"; };
		AB0000000000000000000003 /* Theme.swift */ = {isa = PBXFileReference; lastKnownFileType = sourcecode.swift; path = Theme.swift; sourceTree = "<group>"; };
		A80000000000000000000013 /* SpacesShellView.swift */ = {isa = PBXFileReference; lastKnownFileType = sourcecode.swift; path = Spaces/SpacesShellView.swift; sourceTree = "<group>"; };
		A80000000000000000000014 /* SpaceBackgroundView.swift */ = {isa = PBXFileReference; lastKnownFileType = sourcecode.swift; path = Spaces/SpaceBackgroundView.swift; sourceTree = "<group>"; };
		A80000000000000000000015 /* SpaceTileCard.swift */ = {isa = PBXFileReference; lastKnownFileType = sourcecode.swift; path = Spaces/SpaceTileCard.swift; sourceTree = "<group>"; };
		B20000000000000000000002 /* MediatorBrainFactory.swift */ = {isa = PBXFileReference; lastKnownFileType = sourcecode.swift; path = AI/Local/MediatorBrainFactory.swift; sourceTree = "<group>"; };
		B20000000000000000000004 /* LlamaBrainIntegrationTests.swift */ = {isa = PBXFileReference; lastKnownFileType = sourcecode.swift; path = LlamaBrainIntegrationTests.swift; sourceTree = "<group>"; };
		C30000000000000000000010 /* FoundationModels.framework */ = {isa = PBXFileReference; lastKnownFileType = wrapper.framework; name = FoundationModels.framework; path = System/Library/Frameworks/FoundationModels.framework; sourceTree = SDKROOT; };
		C30000000000000000000011 /* FoundationModelsBrain.swift */ = {isa = PBXFileReference; lastKnownFileType = sourcecode.swift; path = AI/Apple/FoundationModelsBrain.swift; sourceTree = "<group>"; };
		C30000000000000000000012 /* MediatorToolMirrors.swift */ = {isa = PBXFileReference; lastKnownFileType = sourcecode.swift; path = AI/Apple/MediatorToolMirrors.swift; sourceTree = "<group>"; };
		C30000000000000000000013 /* FoundationModelsParityTests.swift */ = {isa = PBXFileReference; lastKnownFileType = sourcecode.swift; path = FoundationModelsParityTests.swift; sourceTree = "<group>"; };
		C30000000000000000000031 /* DelegationServiceTests.swift */ = {isa = PBXFileReference; lastKnownFileType = sourcecode.swift; path = DelegationServiceTests.swift; sourceTree = "<group>"; };
		C30000000000000000000032 /* ConversationStoreTests.swift */ = {isa = PBXFileReference; lastKnownFileType = sourcecode.swift; path = ConversationStoreTests.swift; sourceTree = "<group>"; };
		C30000000000000000000014 /* AppleTierAvailability.swift */ = {isa = PBXFileReference; lastKnownFileType = sourcecode.swift; path = AI/Apple/AppleTierAvailability.swift; sourceTree = "<group>"; };
		C30000000000000000000015 /* FoundationModelsResponseProvider.swift */ = {isa = PBXFileReference; lastKnownFileType = sourcecode.swift; path = AI/Apple/FoundationModelsResponseProvider.swift; sourceTree = "<group>"; };
		C30000000000000000000016 /* SpeechAnalyzerTranscriber.swift */ = {isa = PBXFileReference; lastKnownFileType = sourcecode.swift; path = AI/Apple/SpeechAnalyzerTranscriber.swift; sourceTree = "<group>"; };
		C30000000000000000000017 /* VoiceTranscriberRouter.swift */ = {isa = PBXFileReference; lastKnownFileType = sourcecode.swift; path = AI/Voice/VoiceTranscriberRouter.swift; sourceTree = "<group>"; };
		C30000000000000000000018 /* Speech.framework */ = {isa = PBXFileReference; lastKnownFileType = wrapper.framework; name = Speech.framework; path = System/Library/Frameworks/Speech.framework; sourceTree = SDKROOT; };
		C30000000000000000000019 /* AppleTierBenchmarkTests.swift */ = {isa = PBXFileReference; lastKnownFileType = sourcecode.swift; path = AppleTierBenchmarkTests.swift; sourceTree = "<group>"; };
		B20000000000000000000010 /* VoidloomAppTests.xctest */ = {isa = PBXFileReference; explicitFileType = wrapper.cfbundle; includeInIndex = 0; path = VoidloomAppTests.xctest; sourceTree = BUILT_PRODUCTS_DIR; };
		A80000000000000000000016 /* SpaceBottomDock.swift */ = {isa = PBXFileReference; lastKnownFileType = sourcecode.swift; path = Spaces/SpaceBottomDock.swift; sourceTree = "<group>"; };
		A80000000000000000000017 /* SpaceFreeArrangeLayer.swift */ = {isa = PBXFileReference; lastKnownFileType = sourcecode.swift; path = Spaces/SpaceFreeArrangeLayer.swift; sourceTree = "<group>"; };
		A400000000000000000000F2 /* SpaceTrackpadPanView.swift */ = {isa = PBXFileReference; lastKnownFileType = sourcecode.swift; path = Spaces/SpaceTrackpadPanView.swift; sourceTree = "<group>"; };
/* End PBXFileReference section */

/* Begin PBXCopyFilesBuildPhase section */
		A200000000000000000000E1 /* Embed Frameworks */ = {
			isa = PBXCopyFilesBuildPhase;
			buildActionMask = 2147483647;
			dstPath = "";
			dstSubfolderSpec = 10;
			files = (
				A200000000000000000000D2 /* llama.xcframework in Embed Frameworks */,
			);
			name = "Embed Frameworks";
			runOnlyForDeploymentPostprocessing = 0;
		};
/* End PBXCopyFilesBuildPhase section */

/* Begin PBXFrameworksBuildPhase section */
		A10000000000000000000021 /* Frameworks */ = {
			isa = PBXFrameworksBuildPhase;
			buildActionMask = 2147483647;
			files = (
				A10000000000000000000007 /* VoidloomCore in Frameworks */,
				A200000000000000000000F2 /* VoidloomAI in Frameworks */,
				A200000000000000000000F5 /* FluidAudio in Frameworks */,
				A200000000000000000000D1 /* llama.xcframework in Frameworks */,
				C30000000000000000000003 /* FoundationModels.framework in Frameworks */,
				C3000000000000000000000A /* Speech.framework in Frameworks */,
				A80000000000000000000032 /* SwiftTerm in Frameworks */,
			);
			runOnlyForDeploymentPostprocessing = 0;
		};
		B20000000000000000000013 /* Frameworks */ = {
			isa = PBXFrameworksBuildPhase;
			buildActionMask = 2147483647;
			files = (
				B20000000000000000000007 /* VoidloomCore in Frameworks */,
				B20000000000000000000008 /* VoidloomAI in Frameworks */,
				B20000000000000000000006 /* llama.xcframework in Frameworks */,
				C30000000000000000000005 /* FoundationModels.framework in Frameworks */,
			);
			runOnlyForDeploymentPostprocessing = 0;
		};
/* End PBXFrameworksBuildPhase section */

/* Begin PBXGroup section */
		A10000000000000000000022 = {
			isa = PBXGroup;
			children = (
				A10000000000000000000023 /* VoidloomApp */,
				B20000000000000000000014 /* VoidloomAppTests */,
				A10000000000000000000018 /* Package.swift */,
				A200000000000000000000E2 /* Frameworks */,
				A10000000000000000000024 /* Products */,
			);
			sourceTree = "<group>";
		};
		A200000000000000000000E2 /* Frameworks */ = {
			isa = PBXGroup;
			children = (
				A200000000000000000000C1 /* llama.xcframework */,
			);
			name = Frameworks;
			sourceTree = "<group>";
		};
		AB0000000000000000000005 /* Design */ = {
			isa = PBXGroup;
			children = (
				AB0000000000000000000001 /* Color+Hex.swift */,
				AB0000000000000000000003 /* Theme.swift */,
			);
			path = Design;
			sourceTree = "<group>";
		};
		A10000000000000000000023 /* VoidloomApp */ = {
			isa = PBXGroup;
			children = (
				AB0000000000000000000005 /* Design */,
				A10000000000000000000011 /* VoidloomApp.swift */,
				A80000000000000000000018 /* AppCommands.swift */,
				A10000000000000000000012 /* RootView.swift */,
				A80000000000000000000013 /* SpacesShellView.swift */,
				A80000000000000000000014 /* SpaceBackgroundView.swift */,
				A80000000000000000000015 /* SpaceTileCard.swift */,
				A80000000000000000000016 /* SpaceBottomDock.swift */,
				A80000000000000000000017 /* SpaceFreeArrangeLayer.swift */,
				A400000000000000000000F2 /* SpaceTrackpadPanView.swift */,
				A100000000000000000000F1 /* CanvasKeyMonitor.swift */,
				A200000000000000000000C5 /* VoicePushToTalkKeyMonitor.swift */,
				A8000000000000000000001C /* ContentClickMonitor.swift */,
				A20000000000000000000011 /* AtmosphereBackground.swift */,
				A40000000000000000000012 /* AIConversationSidebar.swift */,
				A50000000000000000000011 /* CommandPaletteModel.swift */,
				A50000000000000000000012 /* CommandPaletteView.swift */,
				A50000000000000000000014 /* PointerCursor.swift */,
				A60000000000000000000011 /* CanvasInteractionModel.swift */,
				A60000000000000000000012 /* CanvasInteractionOverlay.swift */,
				A70000000000000000000092 /* CanvasToolCursor.swift */,
				A70000000000000000000094 /* EraserFootprintRing.swift */,
				A70000000000000000000096 /* EraserSizePreview.swift */,
				A80000000000000000000011 /* MinimapPanel.swift */,
				A60000000000000000000013 /* CanvasInteractionLayer.swift */,
				A60000000000000000000014 /* BrushOptionsPanel.swift */,
				A60000000000000000000015 /* EraserOptionsPanel.swift */,
				A60000000000000000000016 /* ConnectionsLayer.swift */,
				A60000000000000000000017 /* TextElementView.swift */,
				A60000000000000000000018 /* CanvasDrawingLayer.swift */,
				A70000000000000000000011 /* ConnectionHitLayer.swift */,
				A70000000000000000000012 /* TextElementEditor.swift */,
				A70000000000000000000013 /* TextOptionsPanel.swift */,
				A20000000000000000000014 /* CommandBar.swift */,
				A200000000000000000000B7 /* MediatorHUDView.swift */,
				A30000000000000000000018 /* SettingsView.swift */,
				A200000000000000000000B8 /* LocalAISettingsSection.swift */,
				A200000000000000000000C6 /* VoiceSettingsSection.swift */,
				A40000000000000000000011 /* ConversationStore.swift */,
				A40000000000000000000014 /* AssistantContextProvider.swift */,
				A40000000000000000000015 /* AgentCommandRunner.swift */,
				A40000000000000000000016 /* DelegationService.swift */,
				A40000000000000000000013 /* StubResponseProvider.swift */,
				A200000000000000000000C2 /* CllamaEngine.swift */,
				A200000000000000000000C3 /* AudioCaptureService.swift */,
				A200000000000000000000C4 /* ParakeetTranscriber.swift */,
				A200000000000000000000CA /* AssistantSpeaker.swift */,
				C30000000000000000000017 /* VoiceTranscriberRouter.swift */,
				B20000000000000000000002 /* MediatorBrainFactory.swift */,
				C30000000000000000000011 /* FoundationModelsBrain.swift */,
				C30000000000000000000012 /* MediatorToolMirrors.swift */,
				C30000000000000000000014 /* AppleTierAvailability.swift */,
				C30000000000000000000015 /* FoundationModelsResponseProvider.swift */,
				C30000000000000000000016 /* SpeechAnalyzerTranscriber.swift */,
				A300000000000000000000D1 /* WorkspaceFolderPrompt.swift */,
				A300000000000000000000D2 /* NewWorkspaceSheet.swift */,
				A300000000000000000000D4 /* DockStyle.swift */,
				A300000000000000000000D3 /* StartupView.swift */,
				A300000000000000000000E2 /* WorkspaceEmptyState.swift */,
				A20000000000000000000019 /* CanvasZoomControls.swift */,
				A20000000000000000000016 /* CanvasGrid.swift */,
				A50000000000000000000013 /* CanvasContextMenu.swift */,
				A10000000000000000000014 /* WorkspaceCardView.swift */,
				A30000000000000000000012 /* CardResizeHandles.swift */,
				A30000000000000000000013 /* NoteCardContentView.swift */,
				A30000000000000000000014 /* TodoCardContentView.swift */,
				A30000000000000000000015 /* BrowserWebView.swift */,
				A30000000000000000000016 /* BrowserCardContentView.swift */,
				A300000000000000000000B1 /* FileBrowserCardContentView.swift */,
				A300000000000000000000B2 /* GitCardContentView.swift */,
				A90000000000000000000011 /* BrowserLoadModel.swift */,
				A30000000000000000000017 /* AgentTerminalView.swift */,
				A20000000000000000000017 /* CardPalette.swift */,
				A30000000000000000000011 /* AgentSessionManager.swift */,
				A80000000000000000000019 /* TerminalHostView.swift */,
				A10000000000000000000015 /* PreviewSupport.swift */,
				A10000000000000000000016 /* Assets.xcassets */,
				A10000000000000000000017 /* Voidloom.entitlements */,
			);
			path = VoidloomApp;
			sourceTree = "<group>";
		};
		A10000000000000000000024 /* Products */ = {
			isa = PBXGroup;
			children = (
				A10000000000000000000010 /* Voidloom.app */,
				B20000000000000000000010 /* VoidloomAppTests.xctest */,
			);
			name = Products;
			sourceTree = "<group>";
		};
		B20000000000000000000014 /* VoidloomAppTests */ = {
			isa = PBXGroup;
			children = (
				B20000000000000000000004 /* LlamaBrainIntegrationTests.swift */,
				C30000000000000000000013 /* FoundationModelsParityTests.swift */,
				C30000000000000000000031 /* DelegationServiceTests.swift */,
				C30000000000000000000032 /* ConversationStoreTests.swift */,
				C30000000000000000000019 /* AppleTierBenchmarkTests.swift */,
			);
			path = VoidloomAppTests;
			sourceTree = "<group>";
		};
/* End PBXGroup section */

/* Begin PBXNativeTarget section */
		A10000000000000000000025 /* Voidloom */ = {
			isa = PBXNativeTarget;
			buildConfigurationList = A10000000000000000000033 /* Build configuration list for PBXNativeTarget "Voidloom" */;
			buildPhases = (
				A10000000000000000000026 /* Sources */,
				A10000000000000000000021 /* Frameworks */,
				A10000000000000000000027 /* Resources */,
				A200000000000000000000E1 /* Embed Frameworks */,
			);
			buildRules = (
			);
			dependencies = (
			);
			name = Voidloom;
			packageProductDependencies = (
				A10000000000000000000041 /* VoidloomCore */,
				A200000000000000000000F1 /* VoidloomAI */,
				A200000000000000000000F4 /* FluidAudio */,
				A80000000000000000000031 /* SwiftTerm */,
			);
			productName = Voidloom;
			productReference = A10000000000000000000010 /* Voidloom.app */;
			productType = "com.apple.product-type.application";
		};
		B20000000000000000000011 /* VoidloomAppTests */ = {
			isa = PBXNativeTarget;
			buildConfigurationList = B20000000000000000000020 /* Build configuration list for PBXNativeTarget "VoidloomAppTests" */;
			buildPhases = (
				B20000000000000000000012 /* Sources */,
				B20000000000000000000013 /* Frameworks */,
			);
			buildRules = (
			);
			dependencies = (
				B20000000000000000000017 /* PBXTargetDependency */,
			);
			name = VoidloomAppTests;
			packageProductDependencies = (
				A10000000000000000000041 /* VoidloomCore */,
				A200000000000000000000F1 /* VoidloomAI */,
			);
			productName = VoidloomAppTests;
			productReference = B20000000000000000000010 /* VoidloomAppTests.xctest */;
			productType = "com.apple.product-type.bundle.unit-test";
		};
/* End PBXNativeTarget section */

/* Begin PBXProject section */
		A10000000000000000000028 /* Project object */ = {
			isa = PBXProject;
			attributes = {
				BuildIndependentTargetsInParallel = 1;
				LastSwiftUpdateCheck = 2700;
				LastUpgradeCheck = 2700;
				TargetAttributes = {
					A10000000000000000000025 = {
						CreatedOnToolsVersion = 27.0;
					};
					B20000000000000000000011 = {
						CreatedOnToolsVersion = 27.0;
						TestTargetID = A10000000000000000000025;
					};
				};
			};
			buildConfigurationList = A10000000000000000000029 /* Build configuration list for PBXProject "Voidloom" */;
			developmentRegion = en;
			hasScannedForEncodings = 0;
			knownRegions = (
				en,
				Base,
			);
			mainGroup = A10000000000000000000022;
			minimizedProjectReferenceProxies = 1;
			packageReferences = (
				A10000000000000000000040 /* XCLocalSwiftPackageReference "" */,
				A200000000000000000000F3 /* XCRemoteSwiftPackageReference "FluidAudio" */,
				A80000000000000000000030 /* XCRemoteSwiftPackageReference "SwiftTerm" */,
			);
			preferredProjectObjectVersion = 77;
			productRefGroup = A10000000000000000000024 /* Products */;
			projectDirPath = "";
			projectRoot = "";
			targets = (
				A10000000000000000000025 /* Voidloom */,
				B20000000000000000000011 /* VoidloomAppTests */,
			);
		};
/* End PBXProject section */

/* Begin PBXResourcesBuildPhase section */
		A10000000000000000000027 /* Resources */ = {
			isa = PBXResourcesBuildPhase;
			buildActionMask = 2147483647;
			files = (
				A10000000000000000000006 /* Assets.xcassets in Resources */,
			);
			runOnlyForDeploymentPostprocessing = 0;
		};
/* End PBXResourcesBuildPhase section */

/* Begin PBXSourcesBuildPhase section */
		A10000000000000000000026 /* Sources */ = {
			isa = PBXSourcesBuildPhase;
			buildActionMask = 2147483647;
			files = (
				A10000000000000000000001 /* VoidloomApp.swift in Sources */,
				A80000000000000000000008 /* AppCommands.swift in Sources */,
				A10000000000000000000002 /* RootView.swift in Sources */,
				A100000000000000000000F0 /* CanvasKeyMonitor.swift in Sources */,
				A8000000000000000000000C /* ContentClickMonitor.swift in Sources */,
				A20000000000000000000001 /* AtmosphereBackground.swift in Sources */,
				A20000000000000000000004 /* CommandBar.swift in Sources */,
				A200000000000000000000A7 /* MediatorHUDView.swift in Sources */,
				A200000000000000000000A8 /* LocalAISettingsSection.swift in Sources */,
				A20000000000000000000006 /* CanvasGrid.swift in Sources */,
				A10000000000000000000004 /* WorkspaceCardView.swift in Sources */,
				A20000000000000000000007 /* CardPalette.swift in Sources */,
				A20000000000000000000009 /* CanvasZoomControls.swift in Sources */,
				A30000000000000000000001 /* AgentSessionManager.swift in Sources */,
				A80000000000000000000009 /* TerminalHostView.swift in Sources */,
				A30000000000000000000002 /* CardResizeHandles.swift in Sources */,
				A30000000000000000000003 /* NoteCardContentView.swift in Sources */,
				A30000000000000000000004 /* TodoCardContentView.swift in Sources */,
				A30000000000000000000005 /* BrowserWebView.swift in Sources */,
				A30000000000000000000006 /* BrowserCardContentView.swift in Sources */,
				A300000000000000000000A1 /* FileBrowserCardContentView.swift in Sources */,
				A300000000000000000000A2 /* GitCardContentView.swift in Sources */,
				A30000000000000000000007 /* AgentTerminalView.swift in Sources */,
				A30000000000000000000008 /* SettingsView.swift in Sources */,
				A300000000000000000000C1 /* WorkspaceFolderPrompt.swift in Sources */,
				A300000000000000000000C2 /* NewWorkspaceSheet.swift in Sources */,
				A300000000000000000000C4 /* DockStyle.swift in Sources */,
				A300000000000000000000C3 /* StartupView.swift in Sources */,
				A300000000000000000000E1 /* WorkspaceEmptyState.swift in Sources */,
				A40000000000000000000001 /* ConversationStore.swift in Sources */,
				A40000000000000000000004 /* AssistantContextProvider.swift in Sources */,
				A40000000000000000000005 /* AgentCommandRunner.swift in Sources */,
				A40000000000000000000006 /* DelegationService.swift in Sources */,
				A40000000000000000000002 /* AIConversationSidebar.swift in Sources */,
				A40000000000000000000003 /* StubResponseProvider.swift in Sources */,
				A200000000000000000000D3 /* CllamaEngine.swift in Sources */,
				A200000000000000000000D4 /* AudioCaptureService.swift in Sources */,
				A200000000000000000000D5 /* ParakeetTranscriber.swift in Sources */,
				A200000000000000000000DA /* AssistantSpeaker.swift in Sources */,
				A200000000000000000000D6 /* VoicePushToTalkKeyMonitor.swift in Sources */,
				A200000000000000000000D7 /* VoiceSettingsSection.swift in Sources */,
				A50000000000000000000001 /* CommandPaletteModel.swift in Sources */,
				A50000000000000000000002 /* CommandPaletteView.swift in Sources */,
				A50000000000000000000003 /* CanvasContextMenu.swift in Sources */,
				A50000000000000000000004 /* PointerCursor.swift in Sources */,
				A60000000000000000000001 /* CanvasInteractionModel.swift in Sources */,
				A60000000000000000000002 /* CanvasInteractionOverlay.swift in Sources */,
				A70000000000000000000091 /* CanvasToolCursor.swift in Sources */,
				A70000000000000000000093 /* EraserFootprintRing.swift in Sources */,
				A70000000000000000000095 /* EraserSizePreview.swift in Sources */,
				A80000000000000000000001 /* MinimapPanel.swift in Sources */,
				A60000000000000000000003 /* CanvasInteractionLayer.swift in Sources */,
				A60000000000000000000004 /* BrushOptionsPanel.swift in Sources */,
				A60000000000000000000005 /* EraserOptionsPanel.swift in Sources */,
				A60000000000000000000006 /* ConnectionsLayer.swift in Sources */,
				A60000000000000000000007 /* TextElementView.swift in Sources */,
				A60000000000000000000008 /* CanvasDrawingLayer.swift in Sources */,
				A70000000000000000000001 /* ConnectionHitLayer.swift in Sources */,
				A70000000000000000000002 /* TextElementEditor.swift in Sources */,
				A70000000000000000000003 /* TextOptionsPanel.swift in Sources */,
				A90000000000000000000001 /* BrowserLoadModel.swift in Sources */,
				A80000000000000000000003 /* SpacesShellView.swift in Sources */,
				A80000000000000000000004 /* SpaceBackgroundView.swift in Sources */,
				A80000000000000000000005 /* SpaceTileCard.swift in Sources */,
				B20000000000000000000001 /* MediatorBrainFactory.swift in Sources */,
				C30000000000000000000001 /* FoundationModelsBrain.swift in Sources */,
				C30000000000000000000002 /* MediatorToolMirrors.swift in Sources */,
				C30000000000000000000006 /* AppleTierAvailability.swift in Sources */,
				C30000000000000000000007 /* FoundationModelsResponseProvider.swift in Sources */,
				C30000000000000000000008 /* SpeechAnalyzerTranscriber.swift in Sources */,
				C30000000000000000000009 /* VoiceTranscriberRouter.swift in Sources */,
				A80000000000000000000006 /* SpaceBottomDock.swift in Sources */,
				A80000000000000000000007 /* SpaceFreeArrangeLayer.swift in Sources */,
				A400000000000000000000F1 /* SpaceTrackpadPanView.swift in Sources */,
				A10000000000000000000005 /* PreviewSupport.swift in Sources */,
				AB0000000000000000000002 /* Color+Hex.swift in Sources */,
				AB0000000000000000000004 /* Theme.swift in Sources */,
			);
			runOnlyForDeploymentPostprocessing = 0;
		};
/* End PBXSourcesBuildPhase section */

/* Begin PBXSourcesBuildPhase section */
		B20000000000000000000012 /* Sources */ = {
			isa = PBXSourcesBuildPhase;
			buildActionMask = 2147483647;
			files = (
				B20000000000000000000003 /* LlamaBrainIntegrationTests.swift in Sources */,
				C30000000000000000000004 /* FoundationModelsParityTests.swift in Sources */,
				C30000000000000000000021 /* DelegationServiceTests.swift in Sources */,
				C30000000000000000000022 /* ConversationStoreTests.swift in Sources */,
				C3000000000000000000000B /* AppleTierBenchmarkTests.swift in Sources */,
				B20000000000000000000005 /* CllamaEngine.swift in Sources */,
			);
			runOnlyForDeploymentPostprocessing = 0;
		};
/* End PBXSourcesBuildPhase section */

/* Begin PBXContainerItemProxy section */
		B20000000000000000000016 /* PBXContainerItemProxy */ = {
			isa = PBXContainerItemProxy;
			containerPortal = A10000000000000000000028 /* Project object */;
			proxyType = 1;
			remoteGlobalIDString = A10000000000000000000025;
			remoteInfo = Voidloom;
		};
/* End PBXContainerItemProxy section */

/* Begin PBXTargetDependency section */
		B20000000000000000000017 /* PBXTargetDependency */ = {
			isa = PBXTargetDependency;
			target = A10000000000000000000025 /* Voidloom */;
			targetProxy = B20000000000000000000016 /* PBXContainerItemProxy */;
		};
/* End PBXTargetDependency section */

/* Begin XCBuildConfiguration section */
		A10000000000000000000030 /* Debug */ = {
			isa = XCBuildConfiguration;
			buildSettings = {
				ALWAYS_SEARCH_USER_PATHS = NO;
				CLANG_ANALYZER_NONNULL = YES;
				CLANG_ANALYZER_NUMBER_OBJECT_CONVERSION = YES_AGGRESSIVE;
				CLANG_CXX_LANGUAGE_STANDARD = "gnu++20";
				CLANG_ENABLE_MODULES = YES;
				CLANG_ENABLE_OBJC_ARC = YES;
				CLANG_ENABLE_OBJC_WEAK = YES;
				CLANG_WARN_BLOCK_CAPTURE_AUTORELEASING = YES;
				CLANG_WARN_BOOL_CONVERSION = YES;
				CLANG_WARN_COMMA = YES;
				CLANG_WARN_CONSTANT_CONVERSION = YES;
				CLANG_WARN_DEPRECATED_OBJC_IMPLEMENTATIONS = YES;
				CLANG_WARN_DIRECT_OBJC_ISA_USAGE = YES_ERROR;
				CLANG_WARN_DOCUMENTATION_COMMENTS = YES;
				CLANG_WARN_EMPTY_BODY = YES;
				CLANG_WARN_ENUM_CONVERSION = YES;
				CLANG_WARN_INFINITE_RECURSION = YES;
				CLANG_WARN_INT_CONVERSION = YES;
				CLANG_WARN_NON_LITERAL_NULL_CONVERSION = YES;
				CLANG_WARN_OBJC_IMPLICIT_RETAIN_SELF = YES;
				CLANG_WARN_OBJC_LITERAL_CONVERSION = YES;
				CLANG_WARN_OBJC_ROOT_CLASS = YES_ERROR;
				CLANG_WARN_QUOTED_INCLUDE_IN_FRAMEWORK_HEADER = YES;
				CLANG_WARN_RANGE_LOOP_ANALYSIS = YES;
				CLANG_WARN_STRICT_PROTOTYPES = YES;
				CLANG_WARN_SUSPICIOUS_MOVE = YES;
				CLANG_WARN_UNGUARDED_AVAILABILITY = YES_AGGRESSIVE;
				CLANG_WARN_UNREACHABLE_CODE = YES;
				CLANG_WARN__DUPLICATE_METHOD_MATCH = YES;
				COPY_PHASE_STRIP = NO;
				DEBUG_INFORMATION_FORMAT = dwarf;
				ENABLE_STRICT_OBJC_MSGSEND = YES;
				ENABLE_TESTABILITY = YES;
				ENABLE_USER_SCRIPT_SANDBOXING = YES;
				GCC_C_LANGUAGE_STANDARD = gnu17;
				GCC_DYNAMIC_NO_PIC = NO;
				GCC_NO_COMMON_BLOCKS = YES;
				GCC_OPTIMIZATION_LEVEL = 0;
				GCC_PREPROCESSOR_DEFINITIONS = (
					"DEBUG=1",
					"$(inherited)",
				);
				GCC_WARN_64_TO_32_BIT_CONVERSION = YES;
				GCC_WARN_ABOUT_RETURN_TYPE = YES_ERROR;
				GCC_WARN_UNDECLARED_SELECTOR = YES;
				GCC_WARN_UNINITIALIZED_AUTOS = YES_AGGRESSIVE;
				GCC_WARN_UNUSED_FUNCTION = YES;
				GCC_WARN_UNUSED_VARIABLE = YES;
				LOCALIZATION_PREFERS_STRING_CATALOGS = YES;
				MACOSX_DEPLOYMENT_TARGET = 14.0;
				MTL_ENABLE_DEBUG_INFO = INCLUDE_SOURCE;
				MTL_FAST_MATH = YES;
				ONLY_ACTIVE_ARCH = YES;
				SDKROOT = macosx;
				SWIFT_ACTIVE_COMPILATION_CONDITIONS = "DEBUG $(inherited)";
				SWIFT_OPTIMIZATION_LEVEL = "-Onone";
			};
			name = Debug;
		};
		A10000000000000000000031 /* Release */ = {
			isa = XCBuildConfiguration;
			buildSettings = {
				ALWAYS_SEARCH_USER_PATHS = NO;
				CLANG_ANALYZER_NONNULL = YES;
				CLANG_ANALYZER_NUMBER_OBJECT_CONVERSION = YES_AGGRESSIVE;
				CLANG_CXX_LANGUAGE_STANDARD = "gnu++20";
				CLANG_ENABLE_MODULES = YES;
				CLANG_ENABLE_OBJC_ARC = YES;
				CLANG_ENABLE_OBJC_WEAK = YES;
				CLANG_WARN_BLOCK_CAPTURE_AUTORELEASING = YES;
				CLANG_WARN_BOOL_CONVERSION = YES;
				CLANG_WARN_COMMA = YES;
				CLANG_WARN_CONSTANT_CONVERSION = YES;
				CLANG_WARN_DEPRECATED_OBJC_IMPLEMENTATIONS = YES;
				CLANG_WARN_DIRECT_OBJC_ISA_USAGE = YES_ERROR;
				CLANG_WARN_DOCUMENTATION_COMMENTS = YES;
				CLANG_WARN_EMPTY_BODY = YES;
				CLANG_WARN_ENUM_CONVERSION = YES;
				CLANG_WARN_INFINITE_RECURSION = YES;
				CLANG_WARN_INT_CONVERSION = YES;
				CLANG_WARN_NON_LITERAL_NULL_CONVERSION = YES;
				CLANG_WARN_OBJC_IMPLICIT_RETAIN_SELF = YES;
				CLANG_WARN_OBJC_LITERAL_CONVERSION = YES;
				CLANG_WARN_OBJC_ROOT_CLASS = YES_ERROR;
				CLANG_WARN_QUOTED_INCLUDE_IN_FRAMEWORK_HEADER = YES;
				CLANG_WARN_RANGE_LOOP_ANALYSIS = YES;
				CLANG_WARN_STRICT_PROTOTYPES = YES;
				CLANG_WARN_SUSPICIOUS_MOVE = YES;
				CLANG_WARN_UNGUARDED_AVAILABILITY = YES_AGGRESSIVE;
				CLANG_WARN_UNREACHABLE_CODE = YES;
				CLANG_WARN__DUPLICATE_METHOD_MATCH = YES;
				COPY_PHASE_STRIP = NO;
				DEBUG_INFORMATION_FORMAT = "dwarf-with-dsym";
				ENABLE_NS_ASSERTIONS = NO;
				ENABLE_STRICT_OBJC_MSGSEND = YES;
				ENABLE_USER_SCRIPT_SANDBOXING = YES;
				GCC_C_LANGUAGE_STANDARD = gnu17;
				GCC_NO_COMMON_BLOCKS = YES;
				GCC_WARN_64_TO_32_BIT_CONVERSION = YES;
				GCC_WARN_ABOUT_RETURN_TYPE = YES_ERROR;
				GCC_WARN_UNDECLARED_SELECTOR = YES;
				GCC_WARN_UNINITIALIZED_AUTOS = YES_AGGRESSIVE;
				GCC_WARN_UNUSED_FUNCTION = YES;
				GCC_WARN_UNUSED_VARIABLE = YES;
				LOCALIZATION_PREFERS_STRING_CATALOGS = YES;
				MACOSX_DEPLOYMENT_TARGET = 14.0;
				MTL_ENABLE_DEBUG_INFO = NO;
				MTL_FAST_MATH = YES;
				SDKROOT = macosx;
				SWIFT_COMPILATION_MODE = wholemodule;
			};
			name = Release;
		};
		A10000000000000000000034 /* Debug */ = {
			isa = XCBuildConfiguration;
			buildSettings = {
				ASSETCATALOG_COMPILER_APPICON_NAME = AppIcon;
				FRAMEWORK_SEARCH_PATHS = (
					"$(inherited)",
					"$(PROJECT_DIR)/Frameworks",
				);
				CODE_SIGN_ENTITLEMENTS = VoidloomApp/Voidloom.entitlements;
				CODE_SIGN_STYLE = Automatic;
				COMBINE_HIDPI_IMAGES = YES;
				CURRENT_PROJECT_VERSION = 1;
				DEVELOPMENT_ASSET_PATHS = "";
				ENABLE_HARDENED_RUNTIME = YES;
				ENABLE_PREVIEWS = YES;
				GENERATE_INFOPLIST_FILE = YES;
				INFOPLIST_KEY_CFBundleDisplayName = Voidloom;
				INFOPLIST_KEY_LSApplicationCategoryType = "public.app-category.developer-tools";
				INFOPLIST_KEY_NSHumanReadableCopyright = "";
				INFOPLIST_KEY_NSMicrophoneUsageDescription = "Voidloom uses the microphone for push-to-talk and optional always-listening voice commands. Audio stays on this Mac.";
				INFOPLIST_KEY_NSPrincipalClass = NSApplication;
				LD_RUNPATH_SEARCH_PATHS = (
					"$(inherited)",
					"@executable_path/../Frameworks",
				);
				MACOSX_DEPLOYMENT_TARGET = 14.0;
				MARKETING_VERSION = 0.1.0;
				PRODUCT_BUNDLE_IDENTIFIER = dev.voidloom.app;
				PRODUCT_NAME = "$(TARGET_NAME)";
				SWIFT_EMIT_LOC_STRINGS = YES;
				SWIFT_VERSION = 6.0;
			};
			name = Debug;
		};
		A10000000000000000000035 /* Release */ = {
			isa = XCBuildConfiguration;
			buildSettings = {
				ASSETCATALOG_COMPILER_APPICON_NAME = AppIcon;
				FRAMEWORK_SEARCH_PATHS = (
					"$(inherited)",
					"$(PROJECT_DIR)/Frameworks",
				);
				CODE_SIGN_ENTITLEMENTS = VoidloomApp/Voidloom.entitlements;
				CODE_SIGN_STYLE = Automatic;
				COMBINE_HIDPI_IMAGES = YES;
				CURRENT_PROJECT_VERSION = 1;
				DEVELOPMENT_ASSET_PATHS = "";
				ENABLE_HARDENED_RUNTIME = YES;
				ENABLE_PREVIEWS = YES;
				GENERATE_INFOPLIST_FILE = YES;
				INFOPLIST_KEY_CFBundleDisplayName = Voidloom;
				INFOPLIST_KEY_LSApplicationCategoryType = "public.app-category.developer-tools";
				INFOPLIST_KEY_NSHumanReadableCopyright = "";
				INFOPLIST_KEY_NSMicrophoneUsageDescription = "Voidloom uses the microphone for push-to-talk and optional always-listening voice commands. Audio stays on this Mac.";
				INFOPLIST_KEY_NSPrincipalClass = NSApplication;
				LD_RUNPATH_SEARCH_PATHS = (
					"$(inherited)",
					"@executable_path/../Frameworks",
				);
				MACOSX_DEPLOYMENT_TARGET = 14.0;
				MARKETING_VERSION = 0.1.0;
				PRODUCT_BUNDLE_IDENTIFIER = dev.voidloom.app;
				PRODUCT_NAME = "$(TARGET_NAME)";
				SWIFT_EMIT_LOC_STRINGS = YES;
				SWIFT_VERSION = 6.0;
			};
			name = Release;
		};
		B20000000000000000000018 /* Debug */ = {
			isa = XCBuildConfiguration;
			buildSettings = {
				BUNDLE_LOADER = "$(TEST_HOST)";
				CODE_SIGN_STYLE = Automatic;
				CURRENT_PROJECT_VERSION = 1;
				FRAMEWORK_SEARCH_PATHS = (
					"$(inherited)",
					"$(PROJECT_DIR)/Frameworks",
				);
				GENERATE_INFOPLIST_FILE = YES;
				MACOSX_DEPLOYMENT_TARGET = 14.0;
				MARKETING_VERSION = 0.1.0;
				PRODUCT_BUNDLE_IDENTIFIER = dev.voidloom.appTests;
				PRODUCT_NAME = "$(TARGET_NAME)";
				SWIFT_VERSION = 6.0;
				TEST_HOST = "$(BUILT_PRODUCTS_DIR)/Voidloom.app/Contents/MacOS/Voidloom";
			};
			name = Debug;
		};
		B20000000000000000000019 /* Release */ = {
			isa = XCBuildConfiguration;
			buildSettings = {
				BUNDLE_LOADER = "$(TEST_HOST)";
				CODE_SIGN_STYLE = Automatic;
				CURRENT_PROJECT_VERSION = 1;
				FRAMEWORK_SEARCH_PATHS = (
					"$(inherited)",
					"$(PROJECT_DIR)/Frameworks",
				);
				GENERATE_INFOPLIST_FILE = YES;
				MACOSX_DEPLOYMENT_TARGET = 14.0;
				MARKETING_VERSION = 0.1.0;
				PRODUCT_BUNDLE_IDENTIFIER = dev.voidloom.appTests;
				PRODUCT_NAME = "$(TARGET_NAME)";
				SWIFT_VERSION = 6.0;
				TEST_HOST = "$(BUILT_PRODUCTS_DIR)/Voidloom.app/Contents/MacOS/Voidloom";
			};
			name = Release;
		};
/* End XCBuildConfiguration section */

/* Begin XCConfigurationList section */
		A10000000000000000000029 /* Build configuration list for PBXProject "Voidloom" */ = {
			isa = XCConfigurationList;
			buildConfigurations = (
				A10000000000000000000030 /* Debug */,
				A10000000000000000000031 /* Release */,
			);
			defaultConfigurationIsVisible = 0;
			defaultConfigurationName = Release;
		};
		A10000000000000000000033 /* Build configuration list for PBXNativeTarget "Voidloom" */ = {
			isa = XCConfigurationList;
			buildConfigurations = (
				A10000000000000000000034 /* Debug */,
				A10000000000000000000035 /* Release */,
			);
			defaultConfigurationIsVisible = 0;
			defaultConfigurationName = Release;
		};
		B20000000000000000000020 /* Build configuration list for PBXNativeTarget "VoidloomAppTests" */ = {
			isa = XCConfigurationList;
			buildConfigurations = (
				B20000000000000000000018 /* Debug */,
				B20000000000000000000019 /* Release */,
			);
			defaultConfigurationIsVisible = 0;
			defaultConfigurationName = Release;
		};
/* End XCConfigurationList section */

/* Begin XCLocalSwiftPackageReference section */
		A10000000000000000000040 /* XCLocalSwiftPackageReference "" */ = {
			isa = XCLocalSwiftPackageReference;
			relativePath = "";
		};
/* End XCLocalSwiftPackageReference section */

/* Begin XCRemoteSwiftPackageReference section */
		A200000000000000000000F3 /* XCRemoteSwiftPackageReference "FluidAudio" */ = {
			isa = XCRemoteSwiftPackageReference;
			repositoryURL = "https://github.com/FluidInference/FluidAudio";
			requirement = {
				kind = exactVersion;
				version = 0.15.4;
			};
		};
		A80000000000000000000030 /* XCRemoteSwiftPackageReference "SwiftTerm" */ = {
			isa = XCRemoteSwiftPackageReference;
			repositoryURL = "https://github.com/migueldeicaza/SwiftTerm";
			requirement = {
				kind = upToNextMajorVersion;
				minimumVersion = 1.2.0;
			};
		};
/* End XCRemoteSwiftPackageReference section */

/* Begin XCSwiftPackageProductDependency section */
		A10000000000000000000041 /* VoidloomCore */ = {
			isa = XCSwiftPackageProductDependency;
			package = A10000000000000000000040 /* XCLocalSwiftPackageReference "" */;
			productName = VoidloomCore;
		};
		A200000000000000000000F1 /* VoidloomAI */ = {
			isa = XCSwiftPackageProductDependency;
			package = A10000000000000000000040 /* XCLocalSwiftPackageReference "" */;
			productName = VoidloomAI;
		};
		A200000000000000000000F4 /* FluidAudio */ = {
			isa = XCSwiftPackageProductDependency;
			package = A200000000000000000000F3 /* XCRemoteSwiftPackageReference "FluidAudio" */;
			productName = FluidAudio;
		};
		A80000000000000000000031 /* SwiftTerm */ = {
			isa = XCSwiftPackageProductDependency;
			package = A80000000000000000000030 /* XCRemoteSwiftPackageReference "SwiftTerm" */;
			productName = SwiftTerm;
		};
/* End XCSwiftPackageProductDependency section */
	};
	rootObject = A10000000000000000000028 /* Project object */;
}
