{
  "originHash" : "59a5dc79df4ee41c6eead58118795ef29a8cbe7c47c789a27d6add6329318d5c",
  "pins" : [
    {
      "identity" : "fluidaudio",
      "kind" : "remoteSourceControl",
      "location" : "https://github.com/FluidInference/FluidAudio",
      "state" : {
        "revision" : "b9d43724cbdb5a980e441fd54180964e94d470f7",
        "version" : "0.15.4"
      }
    }
  ],
  "version" : 3
}
